
Microsoft Visual Studio Solution File, Format Version 12.00
# Visual Studio 15
VisualStudioVersion = 15.0.28010.2048
MinimumVisualStudioVersion = 10.0.40219.1
Project("{FAE04EC0-301F-11D3-BF4B-00C04F79EFBC}") = "MediconEFC", "MediconEFC\MediconEFC.csproj", "{038C70C7-B64E-4243-BA11-0F9F0FD2B21A}"
EndProject
Global
	GlobalSection(SolutionConfigurationPlatforms) = preSolution
		Debug|Any CPU = Debug|Any CPU
		Release|Any CPU = Release|Any CPU
	EndGlobalSection
	GlobalSection(ProjectConfigurationPlatforms) = postSolution
		{038C70C7-B64E-4243-BA11-0F9F0FD2B21A}.Debug|Any CPU.ActiveCfg = Debug|Any CPU
		{038C70C7-B64E-4243-BA11-0F9F0FD2B21A}.Debug|Any CPU.Build.0 = Debug|Any CPU
		{038C70C7-B64E-4243-BA11-0F9F0FD2B21A}.Release|Any CPU.ActiveCfg = Release|Any CPU
		{038C70C7-B64E-4243-BA11-0F9F0FD2B21A}.Release|Any CPU.Build.0 = Release|Any CPU
	EndGlobalSection
	GlobalSection(SolutionProperties) = preSolution
		HideSolutionNode = FALSE
	EndGlobalSection
	GlobalSection(ExtensibilityGlobals) = postSolution
		SolutionGuid = {3010DF08-441F-46E9-BFF2-B1B9D260054D}
	EndGlobalSection
EndGlobal
